
Microsoft Visual Studio Solution File, Format Version 12.00
# Visual Studio 15
VisualStudioVersion = 15.0.27130.2020
MinimumVisualStudioVersion = 10.0.40219.1
Project("{9A19103F-16F7-4668-BE54-9A1E7A4F7556}") = "IdentityCenter", "IdentityCenter\IdentityCenter.csproj", "{37D75B0E-981B-4A6D-9265-1CAF02253F54}"
EndProject
Project("{9A19103F-16F7-4668-BE54-9A1E7A4F7556}") = "API", "API\API.csproj", "{DA859040-EF53-4B87-BEC2-BF6BED78BC1D}"
EndProject
Project("{9A19103F-16F7-4668-BE54-9A1E7A4F7556}") = "MvcClient", "MvcClient\MvcClient.csproj", "{F2CBC07E-9FF7-4A9B-8953-E699A7C9C3C8}"
EndProject
Project("{FAE04EC0-301F-11D3-BF4B-00C04F79EFBC}") = "Client", "Client\Client.csproj", "{0864C70F-AFFE-4F4D-93AB-27620E400C44}"
EndProject
Global
	GlobalSection(SolutionConfigurationPlatforms) = preSolution
		Debug|Any CPU = Debug|Any CPU
		Release|Any CPU = Release|Any CPU
	EndGlobalSection
	GlobalSection(ProjectConfigurationPlatforms) = postSolution
		{37D75B0E-981B-4A6D-9265-1CAF02253F54}.Debug|Any CPU.ActiveCfg = Debug|Any CPU
		{37D75B0E-981B-4A6D-9265-1CAF02253F54}.Debug|Any CPU.Build.0 = Debug|Any CPU
		{37D75B0E-981B-4A6D-9265-1CAF02253F54}.Release|Any CPU.ActiveCfg = Release|Any CPU
		{37D75B0E-981B-4A6D-9265-1CAF02253F54}.Release|Any CPU.Build.0 = Release|Any CPU
		{DA859040-EF53-4B87-BEC2-BF6BED78BC1D}.Debug|Any CPU.ActiveCfg = Debug|Any CPU
		{DA859040-EF53-4B87-BEC2-BF6BED78BC1D}.Debug|Any CPU.Build.0 = Debug|Any CPU
		{DA859040-EF53-4B87-BEC2-BF6BED78BC1D}.Release|Any CPU.ActiveCfg = Release|Any CPU
		{DA859040-EF53-4B87-BEC2-BF6BED78BC1D}.Release|Any CPU.Build.0 = Release|Any CPU
		{F2CBC07E-9FF7-4A9B-8953-E699A7C9C3C8}.Debug|Any CPU.ActiveCfg = Debug|Any CPU
		{F2CBC07E-9FF7-4A9B-8953-E699A7C9C3C8}.Debug|Any CPU.Build.0 = Debug|Any CPU
		{F2CBC07E-9FF7-4A9B-8953-E699A7C9C3C8}.Release|Any CPU.ActiveCfg = Release|Any CPU
		{F2CBC07E-9FF7-4A9B-8953-E699A7C9C3C8}.Release|Any CPU.Build.0 = Release|Any CPU
		{0864C70F-AFFE-4F4D-93AB-27620E400C44}.Debug|Any CPU.ActiveCfg = Debug|Any CPU
		{0864C70F-AFFE-4F4D-93AB-27620E400C44}.Debug|Any CPU.Build.0 = Debug|Any CPU
		{0864C70F-AFFE-4F4D-93AB-27620E400C44}.Release|Any CPU.ActiveCfg = Release|Any CPU
		{0864C70F-AFFE-4F4D-93AB-27620E400C44}.Release|Any CPU.Build.0 = Release|Any CPU
	EndGlobalSection
	GlobalSection(SolutionProperties) = preSolution
		HideSolutionNode = FALSE
	EndGlobalSection
	GlobalSection(ExtensibilityGlobals) = postSolution
		SolutionGuid = {C2897376-FC49-4BE2-BD3F-CF28BDD14F8D}
	EndGlobalSection
EndGlobal
